
Microsoft Visual Studio Solution File, Format Version 12.00
Project("{FAE04EC0-301F-11D3-BF4B-00C04F79EFBC}") = "Reports.PL", "Reports.PL\Reports.PL.csproj", "{01DC111D-574A-4D13-86C3-3803683A32CC}"
EndProject
Project("{FAE04EC0-301F-11D3-BF4B-00C04F79EFBC}") = "Reports.DAL", "Reports.DAL\Reports.DAL.csproj", "{89A0509F-6828-4D41-B3D6-96325F8AB520}"
EndProject
Project("{FAE04EC0-301F-11D3-BF4B-00C04F79EFBC}") = "Reports.BLL", "Reports.BLL\Reports.BLL.csproj", "{36F25EFB-DB02-40A2-B867-B5125ADA89C4}"
EndProject
Global
	GlobalSection(SolutionConfigurationPlatforms) = preSolution
		Debug|Any CPU = Debug|Any CPU
		Release|Any CPU = Release|Any CPU
	EndGlobalSection
	GlobalSection(ProjectConfigurationPlatforms) = postSolution
		{01DC111D-574A-4D13-86C3-3803683A32CC}.Debug|Any CPU.ActiveCfg = Debug|Any CPU
		{01DC111D-574A-4D13-86C3-3803683A32CC}.Debug|Any CPU.Build.0 = Debug|Any CPU
		{01DC111D-574A-4D13-86C3-3803683A32CC}.Release|Any CPU.ActiveCfg = Release|Any CPU
		{01DC111D-574A-4D13-86C3-3803683A32CC}.Release|Any CPU.Build.0 = Release|Any CPU
		{89A0509F-6828-4D41-B3D6-96325F8AB520}.Debug|Any CPU.ActiveCfg = Debug|Any CPU
		{89A0509F-6828-4D41-B3D6-96325F8AB520}.Debug|Any CPU.Build.0 = Debug|Any CPU
		{89A0509F-6828-4D41-B3D6-96325F8AB520}.Release|Any CPU.ActiveCfg = Release|Any CPU
		{89A0509F-6828-4D41-B3D6-96325F8AB520}.Release|Any CPU.Build.0 = Release|Any CPU
		{36F25EFB-DB02-40A2-B867-B5125ADA89C4}.Debug|Any CPU.ActiveCfg = Debug|Any CPU
		{36F25EFB-DB02-40A2-B867-B5125ADA89C4}.Debug|Any CPU.Build.0 = Debug|Any CPU
		{36F25EFB-DB02-40A2-B867-B5125ADA89C4}.Release|Any CPU.ActiveCfg = Release|Any CPU
		{36F25EFB-DB02-40A2-B867-B5125ADA89C4}.Release|Any CPU.Build.0 = Release|Any CPU
	EndGlobalSection
EndGlobal
