
Microsoft Visual Studio Solution File, Format Version 12.00
Project("{FAE04EC0-301F-11D3-BF4B-00C04F79EFBC}") = "Reports.DAL", "Reports.DAL\Reports.DAL.csproj", "{59E041B5-89EF-41CD-9163-7CBCCE977AFC}"
EndProject
Project("{FAE04EC0-301F-11D3-BF4B-00C04F79EFBC}") = "Reports.BLL", "Reports.BLL\Reports.BLL.csproj", "{7630DD89-B147-4A23-B386-584B13013A0A}"
EndProject
Project("{FAE04EC0-301F-11D3-BF4B-00C04F79EFBC}") = "Reports.PL", "Reports.PL\Reports.PL.csproj", "{947D7801-F789-4682-9E52-15488AD2A36F}"
EndProject
Global
	GlobalSection(SolutionConfigurationPlatforms) = preSolution
		Debug|Any CPU = Debug|Any CPU
		Release|Any CPU = Release|Any CPU
	EndGlobalSection
	GlobalSection(ProjectConfigurationPlatforms) = postSolution
		{59E041B5-89EF-41CD-9163-7CBCCE977AFC}.Debug|Any CPU.ActiveCfg = Debug|Any CPU
		{59E041B5-89EF-41CD-9163-7CBCCE977AFC}.Debug|Any CPU.Build.0 = Debug|Any CPU
		{59E041B5-89EF-41CD-9163-7CBCCE977AFC}.Release|Any CPU.ActiveCfg = Release|Any CPU
		{59E041B5-89EF-41CD-9163-7CBCCE977AFC}.Release|Any CPU.Build.0 = Release|Any CPU
		{7630DD89-B147-4A23-B386-584B13013A0A}.Debug|Any CPU.ActiveCfg = Debug|Any CPU
		{7630DD89-B147-4A23-B386-584B13013A0A}.Debug|Any CPU.Build.0 = Debug|Any CPU
		{7630DD89-B147-4A23-B386-584B13013A0A}.Release|Any CPU.ActiveCfg = Release|Any CPU
		{7630DD89-B147-4A23-B386-584B13013A0A}.Release|Any CPU.Build.0 = Release|Any CPU
		{947D7801-F789-4682-9E52-15488AD2A36F}.Debug|Any CPU.ActiveCfg = Debug|Any CPU
		{947D7801-F789-4682-9E52-15488AD2A36F}.Debug|Any CPU.Build.0 = Debug|Any CPU
		{947D7801-F789-4682-9E52-15488AD2A36F}.Release|Any CPU.ActiveCfg = Release|Any CPU
		{947D7801-F789-4682-9E52-15488AD2A36F}.Release|Any CPU.Build.0 = Release|Any CPU
	EndGlobalSection
EndGlobal
